<?xml version="1.0" encoding="utf-8"?>
<Project ToolsVersion="4.0" xmlns="http://schemas.microsoft.com/developer/msbuild/2003">
  <ItemGroup>
    <Filter Include="Source Files">
      <UniqueIdentifier>{4FC737F1-C7A5-4376-A066-2A32D752A2FF}</UniqueIdentifier>
      <Extensions>cpp;c;cc;cxx;def;odl;idl;hpj;bat;asm;asmx</Extensions>
    </Filter>
    <Filter Include="Header Files">
      <UniqueIdentifier>{93995380-89BD-4b04-88EB-625FBE52EBFB}</UniqueIdentifier>
      <Extensions>h;hh;hpp;hxx;hm;inl;inc;xsd</Extensions>
    </Filter>
    <Filter Include="Resource Files">
      <UniqueIdentifier>{67DA6AB6-F800-4c08-8B7A-83BB121AAD01}</UniqueIdentifier>
      <Extensions>rc;ico;cur;bmp;dlg;rc2;rct;bin;rgs;gif;jpg;jpeg;jpe;resx;tiff;tif;png;wav;mfcribbon-ms</Extensions>
    </Filter>
    <Filter Include="UI">
      <UniqueIdentifier>{6c01e605-bc7f-4981-beb5-31a3befc7107}</UniqueIdentifier>
    </Filter>
  </ItemGroup>
  <ItemGroup>
    <ClInclude Include="..\src\Array.h">
      <Filter>Source Files</Filter>
    </ClInclude>
    <ClInclude Include="..\src\AudioFileReader.h">
      <Filter>Source Files</Filter>
    </ClInclude>
    <ClInclude Include="..\src\AudioProcessor.h">
      <Filter>Source Files</Filter>
    </ClInclude>
    <ClInclude Include="..\src\GdImageRenderer.h">
      <Filter>Source Files</Filter>
    </ClInclude>
    <ClInclude Include="..\src\MathUtil.h">
      <Filter>Source Files</Filter>
    </ClInclude>
    <ClInclude Include="..\src\Mp3AudioFileReader.h">
      <Filter>Source Files</Filter>
    </ClInclude>
    <ClInclude Include="..\src\OptionHandler.h">
      <Filter>Source Files</Filter>
    </ClInclude>
    <ClInclude Include="..\src\Options.h">
      <Filter>Source Files</Filter>
    </ClInclude>
    <ClInclude Include="..\src\Rgba.h">
      <Filter>Source Files</Filter>
    </ClInclude>
    <ClInclude Include="..\src\SndFileAudioFileReader.h">
      <Filter>Source Files</Filter>
    </ClInclude>
    <ClInclude Include="..\src\Streams.h">
      <Filter>Source Files</Filter>
    </ClInclude>
    <ClInclude Include="..\src\TimeUtil.h">
      <Filter>Source Files</Filter>
    </ClInclude>
    <ClInclude Include="..\src\WaveformBuffer.h">
      <Filter>Source Files</Filter>
    </ClInclude>
    <ClInclude Include="..\src\WaveformColors.h">
      <Filter>Source Files</Filter>
    </ClInclude>
    <ClInclude Include="..\src\WaveformGenerator.h">
      <Filter>Source Files</Filter>
    </ClInclude>
    <ClInclude Include="..\src\WaveformRescaler.h">
      <Filter>Source Files</Filter>
    </ClInclude>
    <ClInclude Include="..\src\WavFileWriter.h">
      <Filter>Source Files</Filter>
    </ClInclude>
    <ClInclude Include="..\src\madlld-1.1p1\bstdfile.h">
      <Filter>Source Files</Filter>
    </ClInclude>
    <ClInclude Include="..\src\Main.h">
      <Filter>Source Files</Filter>
    </ClInclude>
    <ClInclude Include="d2dui.h">
      <Filter>UI</Filter>
    </ClInclude>
    <ClInclude Include="resource.h">
      <Filter>Header Files</Filter>
    </ClInclude>
  </ItemGroup>
  <ItemGroup>
    <ClCompile Include="..\src\AudioFileReader.cpp">
      <Filter>Source Files</Filter>
    </ClCompile>
    <ClCompile Include="..\src\AudioProcessor.cpp">
      <Filter>Source Files</Filter>
    </ClCompile>
    <ClCompile Include="..\src\GdImageRenderer.cpp">
      <Filter>Source Files</Filter>
    </ClCompile>
    <ClCompile Include="..\src\Main.cpp">
      <Filter>Source Files</Filter>
    </ClCompile>
    <ClCompile Include="..\src\MathUtil.cpp">
      <Filter>Source Files</Filter>
    </ClCompile>
    <ClCompile Include="..\src\Mp3AudioFileReader.cpp">
      <Filter>Source Files</Filter>
    </ClCompile>
    <ClCompile Include="..\src\OptionHandler.cpp">
      <Filter>Source Files</Filter>
    </ClCompile>
    <ClCompile Include="..\src\Options.cpp">
      <Filter>Source Files</Filter>
    </ClCompile>
    <ClCompile Include="..\src\Rgba.cpp">
      <Filter>Source Files</Filter>
    </ClCompile>
    <ClCompile Include="..\src\SndFileAudioFileReader.cpp">
      <Filter>Source Files</Filter>
    </ClCompile>
    <ClCompile Include="..\src\TimeUtil.cpp">
      <Filter>Source Files</Filter>
    </ClCompile>
    <ClCompile Include="..\src\WaveformBuffer.cpp">
      <Filter>Source Files</Filter>
    </ClCompile>
    <ClCompile Include="..\src\WaveformColors.cpp">
      <Filter>Source Files</Filter>
    </ClCompile>
    <ClCompile Include="..\src\WaveformGenerator.cpp">
      <Filter>Source Files</Filter>
    </ClCompile>
    <ClCompile Include="..\src\WaveformRescaler.cpp">
      <Filter>Source Files</Filter>
    </ClCompile>
    <ClCompile Include="..\src\WavFileWriter.cpp">
      <Filter>Source Files</Filter>
    </ClCompile>
    <ClCompile Include="..\src\madlld-1.1p1\bstdfile.c">
      <Filter>Source Files</Filter>
    </ClCompile>
    <ClCompile Include="d2dui.cpp">
      <Filter>UI</Filter>
    </ClCompile>
  </ItemGroup>
</Project>